
Microsoft Visual Studio Solution File, Format Version 12.00
# Visual Studio Version 17
VisualStudioVersion = 17.1.32210.238
MinimumVisualStudioVersion = 10.0.40219.1
Project("{FAE04EC0-301F-11D3-BF4B-00C04F79EFBC}") = "DriversLog.UI.Android", "DriversLog.UI\DriversLog.UI.Android\DriversLog.UI.Android.csproj", "{E618A8C4-AB68-4E72-96AC-D108CFFF4F74}"
EndProject
Project("{FAE04EC0-301F-11D3-BF4B-00C04F79EFBC}") = "DriversLog.UI", "DriversLog.UI\DriversLog.UI\DriversLog.UI.csproj", "{50399310-E8BC-4A9D-AF5C-5509712C7159}"
EndProject
Global
	GlobalSection(SolutionConfigurationPlatforms) = preSolution
		Debug|Any CPU = Debug|Any CPU
		Release|Any CPU = Release|Any CPU
	EndGlobalSection
	GlobalSection(ProjectConfigurationPlatforms) = postSolution
		{E618A8C4-AB68-4E72-96AC-D108CFFF4F74}.Debug|Any CPU.ActiveCfg = Debug|Any CPU
		{E618A8C4-AB68-4E72-96AC-D108CFFF4F74}.Debug|Any CPU.Build.0 = Debug|Any CPU
		{E618A8C4-AB68-4E72-96AC-D108CFFF4F74}.Debug|Any CPU.Deploy.0 = Debug|Any CPU
		{E618A8C4-AB68-4E72-96AC-D108CFFF4F74}.Release|Any CPU.ActiveCfg = Release|Any CPU
		{E618A8C4-AB68-4E72-96AC-D108CFFF4F74}.Release|Any CPU.Build.0 = Release|Any CPU
		{E618A8C4-AB68-4E72-96AC-D108CFFF4F74}.Release|Any CPU.Deploy.0 = Release|Any CPU
		{50399310-E8BC-4A9D-AF5C-5509712C7159}.Debug|Any CPU.ActiveCfg = Debug|Any CPU
		{50399310-E8BC-4A9D-AF5C-5509712C7159}.Debug|Any CPU.Build.0 = Debug|Any CPU
		{50399310-E8BC-4A9D-AF5C-5509712C7159}.Debug|Any CPU.Deploy.0 = Debug|Any CPU
		{50399310-E8BC-4A9D-AF5C-5509712C7159}.Release|Any CPU.ActiveCfg = Release|Any CPU
		{50399310-E8BC-4A9D-AF5C-5509712C7159}.Release|Any CPU.Build.0 = Release|Any CPU
		{50399310-E8BC-4A9D-AF5C-5509712C7159}.Release|Any CPU.Deploy.0 = Release|Any CPU
	EndGlobalSection
	GlobalSection(SolutionProperties) = preSolution
		HideSolutionNode = FALSE
	EndGlobalSection
	GlobalSection(ExtensibilityGlobals) = postSolution
		SolutionGuid = {B7E8DB32-2B93-47AB-A0D0-D36A2103D5E7}
	EndGlobalSection
EndGlobal
